
Microsoft Visual Studio Solution File, Format Version 12.00
# Visual Studio Version 16
VisualStudioVersion = 16.0.33927.289
MinimumVisualStudioVersion = 10.0.40219.1
Project("{FAE04EC0-301F-11D3-BF4B-00C04F79EFBC}") = "WindowsFormsApp1", "WindowsFormsApp1\WindowsFormsApp1.csproj", "{0535883B-CF91-4403-B2FF-AE0F3764271B}"
EndProject
Global
	GlobalSection(SolutionConfigurationPlatforms) = preSolution
		Debug|Any CPU = Debug|Any CPU
		Release|Any CPU = Release|Any CPU
	EndGlobalSection
	GlobalSection(ProjectConfigurationPlatforms) = postSolution
		{0535883B-CF91-4403-B2FF-AE0F3764271B}.Debug|Any CPU.ActiveCfg = Debug|Any CPU
		{0535883B-CF91-4403-B2FF-AE0F3764271B}.Debug|Any CPU.Build.0 = Debug|Any CPU
		{0535883B-CF91-4403-B2FF-AE0F3764271B}.Release|Any CPU.ActiveCfg = Release|Any CPU
		{0535883B-CF91-4403-B2FF-AE0F3764271B}.Release|Any CPU.Build.0 = Release|Any CPU
	EndGlobalSection
	GlobalSection(SolutionProperties) = preSolution
		HideSolutionNode = FALSE
	EndGlobalSection
	GlobalSection(ExtensibilityGlobals) = postSolution
		SolutionGuid = {ED5FEF52-EB42-42E6-A775-8E1A4D2D91A8}
	EndGlobalSection
EndGlobal
